
Microsoft Visual Studio Solution File, Format Version 12.00
# Visual Studio Version 17
VisualStudioVersion = 17.5.33424.131
MinimumVisualStudioVersion = 10.0.40219.1
Project("{FAE04EC0-301F-11D3-BF4B-00C04F79EFBC}") = "C#Tutorial", "C#Tutorial\C#Tutorial.csproj", "{BD3432B7-A9EF-49EE-8001-2889B56A97CE}"
EndProject
Global
	GlobalSection(SolutionConfigurationPlatforms) = preSolution
		Debug|Any CPU = Debug|Any CPU
		Release|Any CPU = Release|Any CPU
	EndGlobalSection
	GlobalSection(ProjectConfigurationPlatforms) = postSolution
		{BD3432B7-A9EF-49EE-8001-2889B56A97CE}.Debug|Any CPU.ActiveCfg = Debug|Any CPU
		{BD3432B7-A9EF-49EE-8001-2889B56A97CE}.Debug|Any CPU.Build.0 = Debug|Any CPU
		{BD3432B7-A9EF-49EE-8001-2889B56A97CE}.Release|Any CPU.ActiveCfg = Release|Any CPU
		{BD3432B7-A9EF-49EE-8001-2889B56A97CE}.Release|Any CPU.Build.0 = Release|Any CPU
	EndGlobalSection
	GlobalSection(SolutionProperties) = preSolution
		HideSolutionNode = FALSE
	EndGlobalSection
	GlobalSection(ExtensibilityGlobals) = postSolution
		SolutionGuid = {41261AE7-5C01-4435-A2E5-8359008F2B7A}
	EndGlobalSection
EndGlobal
